
Microsoft Visual Studio Solution File, Format Version 12.00
# Visual Studio Version 16
VisualStudioVersion = 16.0.32929.386
MinimumVisualStudioVersion = 10.0.40219.1
Project("{FAE04EC0-301F-11D3-BF4B-00C04F79EFBC}") = "SistemaVentasCaprichos.Server", "SistemaVentasCaprichos\Server\SistemaVentasCaprichos.Server.csproj", "{CBA6973C-8FB8-4906-9F84-6CF3740E31EA}"
EndProject
Project("{FAE04EC0-301F-11D3-BF4B-00C04F79EFBC}") = "SistemaVentasCaprichos.Client", "SistemaVentasCaprichos\Client\SistemaVentasCaprichos.Client.csproj", "{22A4B260-57F6-4235-A058-114895A017AA}"
EndProject
Project("{FAE04EC0-301F-11D3-BF4B-00C04F79EFBC}") = "SistemaVentasCaprichos.Shared", "SistemaVentasCaprichos\Shared\SistemaVentasCaprichos.Shared.csproj", "{A2309889-C1B5-4DA7-833B-6A12FC741921}"
EndProject
Global
	GlobalSection(SolutionConfigurationPlatforms) = preSolution
		Debug|Any CPU = Debug|Any CPU
		Release|Any CPU = Release|Any CPU
	EndGlobalSection
	GlobalSection(ProjectConfigurationPlatforms) = postSolution
		{CBA6973C-8FB8-4906-9F84-6CF3740E31EA}.Debug|Any CPU.ActiveCfg = Debug|Any CPU
		{CBA6973C-8FB8-4906-9F84-6CF3740E31EA}.Debug|Any CPU.Build.0 = Debug|Any CPU
		{CBA6973C-8FB8-4906-9F84-6CF3740E31EA}.Release|Any CPU.ActiveCfg = Release|Any CPU
		{CBA6973C-8FB8-4906-9F84-6CF3740E31EA}.Release|Any CPU.Build.0 = Release|Any CPU
		{22A4B260-57F6-4235-A058-114895A017AA}.Debug|Any CPU.ActiveCfg = Debug|Any CPU
		{22A4B260-57F6-4235-A058-114895A017AA}.Debug|Any CPU.Build.0 = Debug|Any CPU
		{22A4B260-57F6-4235-A058-114895A017AA}.Release|Any CPU.ActiveCfg = Release|Any CPU
		{22A4B260-57F6-4235-A058-114895A017AA}.Release|Any CPU.Build.0 = Release|Any CPU
		{A2309889-C1B5-4DA7-833B-6A12FC741921}.Debug|Any CPU.ActiveCfg = Debug|Any CPU
		{A2309889-C1B5-4DA7-833B-6A12FC741921}.Debug|Any CPU.Build.0 = Debug|Any CPU
		{A2309889-C1B5-4DA7-833B-6A12FC741921}.Release|Any CPU.ActiveCfg = Release|Any CPU
		{A2309889-C1B5-4DA7-833B-6A12FC741921}.Release|Any CPU.Build.0 = Release|Any CPU
	EndGlobalSection
	GlobalSection(SolutionProperties) = preSolution
		HideSolutionNode = FALSE
	EndGlobalSection
	GlobalSection(ExtensibilityGlobals) = postSolution
		SolutionGuid = {E76D05D1-C989-49D0-B3BC-3DB583F320CB}
	EndGlobalSection
EndGlobal
